
Microsoft Visual Studio Solution File, Format Version 12.00
# Visual Studio Version 17
VisualStudioVersion = 17.14.36203.30 d17.14
MinimumVisualStudioVersion = 10.0.40219.1
Project("{FAE04EC0-301F-11D3-BF4B-00C04F79EFBC}") = "MyLibrary", "MyLibrary\MyLibrary.csproj", "{AEBB0F79-2984-4BD9-B7C9-74B2FE87F3F9}"
EndProject
Global
	GlobalSection(SolutionConfigurationPlatforms) = preSolution
		Debug|Any CPU = Debug|Any CPU
		Release|Any CPU = Release|Any CPU
	EndGlobalSection
	GlobalSection(ProjectConfigurationPlatforms) = postSolution
		{AEBB0F79-2984-4BD9-B7C9-74B2FE87F3F9}.Debug|Any CPU.ActiveCfg = Debug|Any CPU
		{AEBB0F79-2984-4BD9-B7C9-74B2FE87F3F9}.Debug|Any CPU.Build.0 = Debug|Any CPU
		{AEBB0F79-2984-4BD9-B7C9-74B2FE87F3F9}.Release|Any CPU.ActiveCfg = Release|Any CPU
		{AEBB0F79-2984-4BD9-B7C9-74B2FE87F3F9}.Release|Any CPU.Build.0 = Release|Any CPU
	EndGlobalSection
	GlobalSection(SolutionProperties) = preSolution
		HideSolutionNode = FALSE
	EndGlobalSection
	GlobalSection(ExtensibilityGlobals) = postSolution
		SolutionGuid = {507BC4EC-00F5-4508-9061-E697E46D2BD1}
	EndGlobalSection
EndGlobal
