{
  "name": "write-once-run-everywhere–integrating-JavaScript-with-Python-Java-and-.NET",
  "lockfileVersion": 3,
  "requires": true,
  "packages": {
    "": {
      "dependencies": {
        "javonet-binaries": "^2.5.20"
      }
    },
    "node_modules/javonet-binaries": {
      "version": "2.5.20",
      "resolved": "https://registry.npmjs.org/javonet-binaries/-/javonet-binaries-2.5.20.tgz",
      "integrity": "sha512-jtOqS+9O/bBGZbqiyrMszVlhgn4vaiNu4+L0rN1oLPIXZBUYM0ffJFLoYmuRXRX2+yNdQpPYKATg1OwZZ60ZmA==",
      "hasInstallScript": true,
      "license": "ISC"
    }
  }
}
